Microsoft Visual Studio Solution File, Format Version 12.00
# Visual Studio Version 17
VisualStudioVersion = 17.5.2.0
MinimumVisualStudioVersion = 10.0.40219.1
Project("{FAE04EC0-301F-11D3-BF4B-00C04F79EFBC}") = "MyAPIcd", "MyAPIcd.csproj", "{427EF232-A1F3-6981-3DC2-3521702B5AC0}"
EndProject
Global
	GlobalSection(SolutionConfigurationPlatforms) = preSolution
		Debug|Any CPU = Debug|Any CPU
		Release|Any CPU = Release|Any CPU
	EndGlobalSection
	GlobalSection(ProjectConfigurationPlatforms) = postSolution
		{427EF232-A1F3-6981-3DC2-3521702B5AC0}.Debug|Any CPU.ActiveCfg = Debug|Any CPU
		{427EF232-A1F3-6981-3DC2-3521702B5AC0}.Debug|Any CPU.Build.0 = Debug|Any CPU
		{427EF232-A1F3-6981-3DC2-3521702B5AC0}.Release|Any CPU.ActiveCfg = Release|Any CPU
		{427EF232-A1F3-6981-3DC2-3521702B5AC0}.Release|Any CPU.Build.0 = Release|Any CPU
	EndGlobalSection
	GlobalSection(SolutionProperties) = preSolution
		HideSolutionNode = FALSE
	EndGlobalSection
	GlobalSection(ExtensibilityGlobals) = postSolution
		SolutionGuid = {FB7E9460-09ED-436A-B509-89B8634C3650}
	EndGlobalSection
EndGlobal
